
Microsoft Visual Studio Solution File, Format Version 12.00
# Visual Studio 2013
VisualStudioVersion = 12.0.31101.0
MinimumVisualStudioVersion = 10.0.40219.1
Project("{FAE04EC0-301F-11D3-BF4B-00C04F79EFBC}") = "Fitnes_centar_aplikacija", "Fitnes_centar_aplikacija\Fitnes_centar_aplikacija.csproj", "{E54DE610-B7B4-4847-9C37-DC9FEFBAD651}"
EndProject
Global
	GlobalSection(SolutionConfigurationPlatforms) = preSolution
		Debug|Any CPU = Debug|Any CPU
		Release|Any CPU = Release|Any CPU
	EndGlobalSection
	GlobalSection(ProjectConfigurationPlatforms) = postSolution
		{E54DE610-B7B4-4847-9C37-DC9FEFBAD651}.Debug|Any CPU.ActiveCfg = Debug|Any CPU
		{E54DE610-B7B4-4847-9C37-DC9FEFBAD651}.Debug|Any CPU.Build.0 = Debug|Any CPU
		{E54DE610-B7B4-4847-9C37-DC9FEFBAD651}.Release|Any CPU.ActiveCfg = Release|Any CPU
		{E54DE610-B7B4-4847-9C37-DC9FEFBAD651}.Release|Any CPU.Build.0 = Release|Any CPU
	EndGlobalSection
	GlobalSection(SolutionProperties) = preSolution
		HideSolutionNode = FALSE
	EndGlobalSection
EndGlobal
